
Microsoft Visual Studio Solution File, Format Version 12.00
# Visual Studio 15
VisualStudioVersion = 15.0.27428.2005
MinimumVisualStudioVersion = 10.0.40219.1
Project("{FAE04EC0-301F-11D3-BF4B-00C04F79EFBC}") = "EventSourcingDemo", "EventSourcingDemo\EventSourcingDemo.csproj", "{E9682098-A5F3-458F-B4DF-C84264CE40E9}"
EndProject
Project("{FAE04EC0-301F-11D3-BF4B-00C04F79EFBC}") = "EventSourcingDemo.Test", "EventSourcingDemo.Test\EventSourcingDemo.Test.csproj", "{F762696C-B537-4FAD-B3B2-AA2B036FECB4}"
EndProject
Global
	GlobalSection(SolutionConfigurationPlatforms) = preSolution
		Debug|Any CPU = Debug|Any CPU
		Release|Any CPU = Release|Any CPU
	EndGlobalSection
	GlobalSection(ProjectConfigurationPlatforms) = postSolution
		{E9682098-A5F3-458F-B4DF-C84264CE40E9}.Debug|Any CPU.ActiveCfg = Debug|Any CPU
		{E9682098-A5F3-458F-B4DF-C84264CE40E9}.Debug|Any CPU.Build.0 = Debug|Any CPU
		{E9682098-A5F3-458F-B4DF-C84264CE40E9}.Release|Any CPU.ActiveCfg = Release|Any CPU
		{E9682098-A5F3-458F-B4DF-C84264CE40E9}.Release|Any CPU.Build.0 = Release|Any CPU
		{F762696C-B537-4FAD-B3B2-AA2B036FECB4}.Debug|Any CPU.ActiveCfg = Debug|Any CPU
		{F762696C-B537-4FAD-B3B2-AA2B036FECB4}.Debug|Any CPU.Build.0 = Debug|Any CPU
		{F762696C-B537-4FAD-B3B2-AA2B036FECB4}.Release|Any CPU.ActiveCfg = Release|Any CPU
		{F762696C-B537-4FAD-B3B2-AA2B036FECB4}.Release|Any CPU.Build.0 = Release|Any CPU
	EndGlobalSection
	GlobalSection(SolutionProperties) = preSolution
		HideSolutionNode = FALSE
	EndGlobalSection
	GlobalSection(ExtensibilityGlobals) = postSolution
		SolutionGuid = {3CB58D9A-7D54-4669-96B3-4985A9DB6EEA}
	EndGlobalSection
EndGlobal
